<?xml version="1.0" encoding="UTF-8" standalone="yes" ?>
<CodeBlocks_project_file>
	<FileVersion major="1" minor="6" />
	<Project>
		<Option title="soumya sort in queue" />
		<Option pch_mode="2" />
		<Option compiler="gcc" />
		<Build>
			<Target title="Debug">
				<Option output="bin/Debug/soumya sort in queue" prefix_auto="1" extension_auto="1" />
				<Option object_output="obj/Debug/" />
				<Option type="1" />
				<Option compiler="gcc" />
				<Compiler>
					<Add option="-g" />
				</Compiler>
			</Target>
			<Target title="Release">
				<Option output="bin/Release/soumya sort in queue" prefix_auto="1" extension_auto="1" />
				<Option object_output="obj/Release/" />
				<Option type="1" />
				<Option compiler="gcc" />
				<Compiler>
					<Add option="-O2" />
				</Compiler>
				<Linker>
					<Add option="-s" />
				</Linker>
			</Target>
		</Build>
		<Compiler>
			<Add option="-Wall" />
		</Compiler>
		<Unit filename="basic functions sort.c">
			<Option compilerVar="CC" />
		</Unit>
		<Unit filename="read sort.c">
			<Option compilerVar="CC" />
		</Unit>
		<Unit filename="sort header.h" />
		<Unit filename="sort main.c">
			<Option compilerVar="CC" />
		</Unit>
		<Unit filename="sort question.txt" />
		<Unit filename="sorting into four.c">
			<Option compilerVar="CC" />
		</Unit>
		<Unit filename="soumya sort all.txt" />
		<Extensions>
			<code_completion />
			<envvars />
			<debugger />
		</Extensions>
	</Project>
</CodeBlocks_project_file>
